// !$*UTF8*$!
{
	archiveVersion = 1;
	classes = {
	};
	objectVersion = 56;
	objects = {

/* Begin PBXBuildFile section */
		3FD5DAB32ACC099D009718AA /* KalkulatorApp.swift in Sources */ = {isa = PBXBuildFile; fileRef = 3FD5DAB22ACC099D009718AA /* KalkulatorApp.swift */; };
		3FD5DAB52ACC099D009718AA /* ContentView.swift in Sources */ = {isa = PBXBuildFile; fileRef = 3FD5DAB42ACC099D009718AA /* ContentView.swift */; };
		3FD5DAB72ACC099E009718AA /* Assets.xcassets in Resources */ = {isa = PBXBuildFile; fileRef = 3FD5DAB62ACC099E009718AA /* Assets.xcassets */; };
		3FD5DABA2ACC099E009718AA /* Preview Assets.xcassets in Resources */ = {isa = PBXBuildFile; fileRef = 3FD5DAB92ACC099E009718AA /* Preview Assets.xcassets */; };
		3FD5DAC42ACC099E009718AA /* KalkulatorTests.swift in Sources */ = {isa = PBXBuildFile; fileRef = 3FD5DAC32ACC099E009718AA /* KalkulatorTests.swift */; };
		3FD5DACE2ACC099E009718AA /* KalkulatorUITests.swift in Sources */ = {isa = PBXBuildFile; fileRef = 3FD5DACD2ACC099E009718AA /* KalkulatorUITests.swift */; };
		3FD5DAD02ACC099E009718AA /* KalkulatorUITestsLaunchTests.swift in Sources */ = {isa = PBXBuildFile; fileRef = 3FD5DACF2ACC099E009718AA /* KalkulatorUITestsLaunchTests.swift */; };
		3FD5DADF2ACC09F2009718AA /* ButtonView.swift in Sources */ = {isa = PBXBuildFile; fileRef = 3FD5DADE2ACC09F2009718AA /* ButtonView.swift */; };
		3FD5DAE12ACC0C86009718AA /* Calculation.swift in Sources */ = {isa = PBXBuildFile; fileRef = 3FD5DAE02ACC0C86009718AA /* Calculation.swift */; };
/* End PBXBuildFile section */

/* Begin PBXContainerItemProxy section */
		3FD5DAC02ACC099E009718AA /* PBXContainerItemProxy */ = {
			isa = PBXContainerItemProxy;
			containerPortal = 3FD5DAA72ACC099D009718AA /* Project object */;
			proxyType = 1;
			remoteGlobalIDString = 3FD5DAAE2ACC099D009718AA;
			remoteInfo = Kalkulator;
		};
		3FD5DACA2ACC099E009718AA /* PBXContainerItemProxy */ = {
			isa = PBXContainerItemProxy;
			containerPortal = 3FD5DAA72ACC099D009718AA /* Project object */;
			proxyType = 1;
			remoteGlobalIDString = 3FD5DAAE2ACC099D009718AA;
			remoteInfo = Kalkulator;
		};
/* End PBXContainerItemProxy section */

/* Begin PBXFileReference section */
		3FD5DAAF2ACC099D009718AA /* Kalkulator.app */ = {isa = PBXFileReference; explicitFileType = wrapper.application; includeInIndex = 0; path = Kalkulator.app; sourceTree = BUILT_PRODUCTS_DIR; };
		3FD5DAB22ACC099D009718AA /* KalkulatorApp.swift */ = {isa = PBXFileReference; lastKnownFileType = sourcecode.swift; path = KalkulatorApp.swift; sourceTree = "<group>"; };
		3FD5DAB42ACC099D009718AA /* ContentView.swift */ = {isa = PBXFileReference; lastKnownFileType = sourcecode.swift; path = ContentView.swift; sourceTree = "<group>"; };
		3FD5DAB62ACC099E009718AA /* Assets.xcassets */ = {isa = PBXFileReference; lastKnownFileType = folder.assetcatalog; path = Assets.xcassets; sourceTree = "<group>"; };
		3FD5DAB92ACC099E009718AA /* Preview Assets.xcassets */ = {isa = PBXFileReference; lastKnownFileType = folder.assetcatalog; path = "Preview Assets.xcassets"; sourceTree = "<group>"; };
		3FD5DABF2ACC099E009718AA /* KalkulatorTests.xctest */ = {isa = PBXFileReference; explicitFileType = wrapper.cfbundle; includeInIndex = 0; path = KalkulatorTests.xctest; sourceTree = BUILT_PRODUCTS_DIR; };
		3FD5DAC32ACC099E009718AA /* KalkulatorTests.swift */ = {isa = PBXFileReference; lastKnownFileType = sourcecode.swift; path = KalkulatorTests.swift; sourceTree = "<group>"; };
		3FD5DAC92ACC099E009718AA /* KalkulatorUITests.xctest */ = {isa = PBXFileReference; explicitFileType = wrapper.cfbundle; includeInIndex = 0; path = KalkulatorUITests.xctest; sourceTree = BUILT_PRODUCTS_DIR; };
		3FD5DACD2ACC099E009718AA /* KalkulatorUITests.swift */ = {isa = PBXFileReference; lastKnownFileType = sourcecode.swift; path = KalkulatorUITests.swift; sourceTree = "<group>"; };
		3FD5DACF2ACC099E009718AA /* KalkulatorUITestsLaunchTests.swift */ = {isa = PBXFileReference; lastKnownFileType = sourcecode.swift; path = KalkulatorUITestsLaunchTests.swift; sourceTree = "<group>"; };
		3FD5DADE2ACC09F2009718AA /* ButtonView.swift */ = {isa = PBXFileReference; lastKnownFileType = sourcecode.swift; path = ButtonView.swift; sourceTree = "<group>"; };
		3FD5DAE02ACC0C86009718AA /* Calculation.swift */ = {isa = PBXFileReference; lastKnownFileType = sourcecode.swift; path = Calculation.swift; sourceTree = "<group>"; };
/* End PBXFileReference section */

/* Begin PBXFrameworksBuildPhase section */
		3FD5DAAC2ACC099D009718AA /* Frameworks */ = {
			isa = PBXFrameworksBuildPhase;
			buildActionMask = 2147483647;
			files = (
			);
			runOnlyForDeploymentPostprocessing = 0;
		};
		3FD5DABC2ACC099E009718AA /* Frameworks */ = {
			isa = PBXFrameworksBuildPhase;
			buildActionMask = 2147483647;
			files = (
			);
			runOnlyForDeploymentPostprocessing = 0;
		};
		3FD5DAC62ACC099E009718AA /* Frameworks */ = {
			isa = PBXFrameworksBuildPhase;
			buildActionMask = 2147483647;
			files = (
			);
			runOnlyForDeploymentPostprocessing = 0;
		};
/* End PBXFrameworksBuildPhase section */

/* Begin PBXGroup section */
		3FD5DAA62ACC099D009718AA = {
			isa = PBXGroup;
			children = (
				3FD5DAB12ACC099D009718AA /* Kalkulator */,
				3FD5DAC22ACC099E009718AA /* KalkulatorTests */,
				3FD5DACC2ACC099E009718AA /* KalkulatorUITests */,
				3FD5DAB02ACC099D009718AA /* Products */,
			);
			sourceTree = "<group>";
		};
		3FD5DAB02ACC099D009718AA /* Products */ = {
			isa = PBXGroup;
			children = (
				3FD5DAAF2ACC099D009718AA /* Kalkulator.app */,
				3FD5DABF2ACC099E009718AA /* KalkulatorTests.xctest */,
				3FD5DAC92ACC099E009718AA /* KalkulatorUITests.xctest */,
			);
			name = Products;
			sourceTree = "<group>";
		};
		3FD5DAB12ACC099D009718AA /* Kalkulator */ = {
			isa = PBXGroup;
			children = (
				3FD5DAB22ACC099D009718AA /* KalkulatorApp.swift */,
				3FD5DAB42ACC099D009718AA /* ContentView.swift */,
				3FD5DAB62ACC099E009718AA /* Assets.xcassets */,
				3FD5DAB82ACC099E009718AA /* Preview Content */,
				3FD5DADE2ACC09F2009718AA /* ButtonView.swift */,
				3FD5DAE02ACC0C86009718AA /* Calculation.swift */,
			);
			path = Kalkulator;
			sourceTree = "<group>";
		};
		3FD5DAB82ACC099E009718AA /* Preview Content */ = {
			isa = PBXGroup;
			children = (
				3FD5DAB92ACC099E009718AA /* Preview Assets.xcassets */,
			);
			path = "Preview Content";
			sourceTree = "<group>";
		};
		3FD5DAC22ACC099E009718AA /* KalkulatorTests */ = {
			isa = PBXGroup;
			children = (
				3FD5DAC32ACC099E009718AA /* KalkulatorTests.swift */,
			);
			path = KalkulatorTests;
			sourceTree = "<group>";
		};
		3FD5DACC2ACC099E009718AA /* KalkulatorUITests */ = {
			isa = PBXGroup;
			children = (
				3FD5DACD2ACC099E009718AA /* KalkulatorUITests.swift */,
				3FD5DACF2ACC099E009718AA /* KalkulatorUITestsLaunchTests.swift */,
			);
			path = KalkulatorUITests;
			sourceTree = "<group>";
		};
/* End PBXGroup section */

/* Begin PBXNativeTarget section */
		3FD5DAAE2ACC099D009718AA /* Kalkulator */ = {
			isa = PBXNativeTarget;
			buildConfigurationList = 3FD5DAD32ACC099E009718AA /* Build configuration list for PBXNativeTarget "Kalkulator" */;
			buildPhases = (
				3FD5DAAB2ACC099D009718AA /* Sources */,
				3FD5DAAC2ACC099D009718AA /* Frameworks */,
				3FD5DAAD2ACC099D009718AA /* Resources */,
			);
			buildRules = (
			);
			dependencies = (
			);
			name = Kalkulator;
			productName = Kalkulator;
			productReference = 3FD5DAAF2ACC099D009718AA /* Kalkulator.app */;
			productType = "com.apple.product-type.application";
		};
		3FD5DABE2ACC099E009718AA /* KalkulatorTests */ = {
			isa = PBXNativeTarget;
			buildConfigurationList = 3FD5DAD62ACC099E009718AA /* Build configuration list for PBXNativeTarget "KalkulatorTests" */;
			buildPhases = (
				3FD5DABB2ACC099E009718AA /* Sources */,
				3FD5DABC2ACC099E009718AA /* Frameworks */,
				3FD5DABD2ACC099E009718AA /* Resources */,
			);
			buildRules = (
			);
			dependencies = (
				3FD5DAC12ACC099E009718AA /* PBXTargetDependency */,
			);
			name = KalkulatorTests;
			productName = KalkulatorTests;
			productReference = 3FD5DABF2ACC099E009718AA /* KalkulatorTests.xctest */;
			productType = "com.apple.product-type.bundle.unit-test";
		};
		3FD5DAC82ACC099E009718AA /* KalkulatorUITests */ = {
			isa = PBXNativeTarget;
			buildConfigurationList = 3FD5DAD92ACC099E009718AA /* Build configuration list for PBXNativeTarget "KalkulatorUITests" */;
			buildPhases = (
				3FD5DAC52ACC099E009718AA /* Sources */,
				3FD5DAC62ACC099E009718AA /* Frameworks */,
				3FD5DAC72ACC099E009718AA /* Resources */,
			);
			buildRules = (
			);
			dependencies = (
				3FD5DACB2ACC099E009718AA /* PBXTargetDependency */,
			);
			name = KalkulatorUITests;
			productName = KalkulatorUITests;
			productReference = 3FD5DAC92ACC099E009718AA /* KalkulatorUITests.xctest */;
			productType = "com.apple.product-type.bundle.ui-testing";
		};
/* End PBXNativeTarget section */

/* Begin PBXProject section */
		3FD5DAA72ACC099D009718AA /* Project object */ = {
			isa = PBXProject;
			attributes = {
				BuildIndependentTargetsInParallel = 1;
				LastSwiftUpdateCheck = 1500;
				LastUpgradeCheck = 1500;
				TargetAttributes = {
					3FD5DAAE2ACC099D009718AA = {
						CreatedOnToolsVersion = 15.0;
					};
					3FD5DABE2ACC099E009718AA = {
						CreatedOnToolsVersion = 15.0;
						TestTargetID = 3FD5DAAE2ACC099D009718AA;
					};
					3FD5DAC82ACC099E009718AA = {
						CreatedOnToolsVersion = 15.0;
						TestTargetID = 3FD5DAAE2ACC099D009718AA;
					};
				};
			};
			buildConfigurationList = 3FD5DAAA2ACC099D009718AA /* Build configuration list for PBXProject "Kalkulator" */;
			compatibilityVersion = "Xcode 14.0";
			developmentRegion = en;
			hasScannedForEncodings = 0;
			knownRegions = (
				en,
				Base,
			);
			mainGroup = 3FD5DAA62ACC099D009718AA;
			productRefGroup = 3FD5DAB02ACC099D009718AA /* Products */;
			projectDirPath = "";
			projectRoot = "";
			targets = (
				3FD5DAAE2ACC099D009718AA /* Kalkulator */,
				3FD5DABE2ACC099E009718AA /* KalkulatorTests */,
				3FD5DAC82ACC099E009718AA /* KalkulatorUITests */,
			);
		};
/* End PBXProject section */

/* Begin PBXResourcesBuildPhase section */
		3FD5DAAD2ACC099D009718AA /* Resources */ = {
			isa = PBXResourcesBuildPhase;
			buildActionMask = 2147483647;
			files = (
				3FD5DABA2ACC099E009718AA /* Preview Assets.xcassets in Resources */,
				3FD5DAB72ACC099E009718AA /* Assets.xcassets in Resources */,
			);
			runOnlyForDeploymentPostprocessing = 0;
		};
		3FD5DABD2ACC099E009718AA /* Resources */ = {
			isa = PBXResourcesBuildPhase;
			buildActionMask = 2147483647;
			files = (
			);
			runOnlyForDeploymentPostprocessing = 0;
		};
		3FD5DAC72ACC099E009718AA /* Resources */ = {
			isa = PBXResourcesBuildPhase;
			buildActionMask = 2147483647;
			files = (
			);
			runOnlyForDeploymentPostprocessing = 0;
		};
/* End PBXResourcesBuildPhase section */

/* Begin PBXSourcesBuildPhase section */
		3FD5DAAB2ACC099D009718AA /* Sources */ = {
			isa = PBXSourcesBuildPhase;
			buildActionMask = 2147483647;
			files = (
				3FD5DAB52ACC099D009718AA /* ContentView.swift in Sources */,
				3FD5DAB32ACC099D009718AA /* KalkulatorApp.swift in Sources */,
				3FD5DADF2ACC09F2009718AA /* ButtonView.swift in Sources */,
				3FD5DAE12ACC0C86009718AA /* Calculation.swift in Sources */,
			);
			runOnlyForDeploymentPostprocessing = 0;
		};
		3FD5DABB2ACC099E009718AA /* Sources */ = {
			isa = PBXSourcesBuildPhase;
			buildActionMask = 2147483647;
			files = (
				3FD5DAC42ACC099E009718AA /* KalkulatorTests.swift in Sources */,
			);
			runOnlyForDeploymentPostprocessing = 0;
		};
		3FD5DAC52ACC099E009718AA /* Sources */ = {
			isa = PBXSourcesBuildPhase;
			buildActionMask = 2147483647;
			files = (
				3FD5DAD02ACC099E009718AA /* KalkulatorUITestsLaunchTests.swift in Sources */,
				3FD5DACE2ACC099E009718AA /* KalkulatorUITests.swift in Sources */,
			);
			runOnlyForDeploymentPostprocessing = 0;
		};
/* End PBXSourcesBuildPhase section */

/* Begin PBXTargetDependency section */
		3FD5DAC12ACC099E009718AA /* PBXTargetDependency */ = {
			isa = PBXTargetDependency;
			target = 3FD5DAAE2ACC099D009718AA /* Kalkulator */;
			targetProxy = 3FD5DAC02ACC099E009718AA /* PBXContainerItemProxy */;
		};
		3FD5DACB2ACC099E009718AA /* PBXTargetDependency */ = {
			isa = PBXTargetDependency;
			target = 3FD5DAAE2ACC099D009718AA /* Kalkulator */;
			targetProxy = 3FD5DACA2ACC099E009718AA /* PBXContainerItemProxy */;
		};
/* End PBXTargetDependency section */

/* Begin XCBuildConfiguration section */
		3FD5DAD12ACC099E009718AA /* Debug */ = {
			isa = XCBuildConfiguration;
			buildSettings = {
				ALWAYS_SEARCH_USER_PATHS = NO;
				ASSETCATALOG_COMPILER_GENERATE_SWIFT_ASSET_SYMBOL_EXTENSIONS = YES;
				CLANG_ANALYZER_NONNULL = YES;
				CLANG_ANALYZER_NUMBER_OBJECT_CONVERSION = YES_AGGRESSIVE;
				CLANG_CXX_LANGUAGE_STANDARD = "gnu++20";
				CLANG_ENABLE_MODULES = YES;
				CLANG_ENABLE_OBJC_ARC = YES;
				CLANG_ENABLE_OBJC_WEAK = YES;
				CLANG_WARN_BLOCK_CAPTURE_AUTORELEASING = YES;
				CLANG_WARN_BOOL_CONVERSION = YES;
				CLANG_WARN_COMMA = YES;
				CLANG_WARN_CONSTANT_CONVERSION = YES;
				CLANG_WARN_DEPRECATED_OBJC_IMPLEMENTATIONS = YES;
				CLANG_WARN_DIRECT_OBJC_ISA_USAGE = YES_ERROR;
				CLANG_WARN_DOCUMENTATION_COMMENTS = YES;
				CLANG_WARN_EMPTY_BODY = YES;
				CLANG_WARN_ENUM_CONVERSION = YES;
				CLANG_WARN_INFINITE_RECURSION = YES;
				CLANG_WARN_INT_CONVERSION = YES;
				CLANG_WARN_NON_LITERAL_NULL_CONVERSION = YES;
				CLANG_WARN_OBJC_IMPLICIT_RETAIN_SELF = YES;
				CLANG_WARN_OBJC_LITERAL_CONVERSION = YES;
				CLANG_WARN_OBJC_ROOT_CLASS = YES_ERROR;
				CLANG_WARN_QUOTED_INCLUDE_IN_FRAMEWORK_HEADER = YES;
				CLANG_WARN_RANGE_LOOP_ANALYSIS = YES;
				CLANG_WARN_STRICT_PROTOTYPES = YES;
				CLANG_WARN_SUSPICIOUS_MOVE = YES;
				CLANG_WARN_UNGUARDED_AVAILABILITY = YES_AGGRESSIVE;
				CLANG_WARN_UNREACHABLE_CODE = YES;
				CLANG_WARN__DUPLICATE_METHOD_MATCH = YES;
				COPY_PHASE_STRIP = NO;
				DEBUG_INFORMATION_FORMAT = dwarf;
				ENABLE_STRICT_OBJC_MSGSEND = YES;
				ENABLE_TESTABILITY = YES;
				ENABLE_USER_SCRIPT_SANDBOXING = YES;
				GCC_C_LANGUAGE_STANDARD = gnu17;
				GCC_DYNAMIC_NO_PIC = NO;
				GCC_NO_COMMON_BLOCKS = YES;
				GCC_OPTIMIZATION_LEVEL = 0;
				GCC_PREPROCESSOR_DEFINITIONS = (
					"DEBUG=1",
					"$(inherited)",
				);
				GCC_WARN_64_TO_32_BIT_CONVERSION = YES;
				GCC_WARN_ABOUT_RETURN_TYPE = YES_ERROR;
				GCC_WARN_UNDECLARED_SELECTOR = YES;
				GCC_WARN_UNINITIALIZED_AUTOS = YES_AGGRESSIVE;
				GCC_WARN_UNUSED_FUNCTION = YES;
				GCC_WARN_UNUSED_VARIABLE = YES;
				IPHONEOS_DEPLOYMENT_TARGET = 17.0;
				LOCALIZATION_PREFERS_STRING_CATALOGS = YES;
				MTL_ENABLE_DEBUG_INFO = INCLUDE_SOURCE;
				MTL_FAST_MATH = YES;
				ONLY_ACTIVE_ARCH = YES;
				SDKROOT = iphoneos;
				SWIFT_ACTIVE_COMPILATION_CONDITIONS = "DEBUG $(inherited)";
				SWIFT_OPTIMIZATION_LEVEL = "-Onone";
			};
			name = Debug;
		};
		3FD5DAD22ACC099E009718AA /* Release */ = {
			isa = XCBuildConfiguration;
			buildSettings = {
				ALWAYS_SEARCH_USER_PATHS = NO;
				ASSETCATALOG_COMPILER_GENERATE_SWIFT_ASSET_SYMBOL_EXTENSIONS = YES;
				CLANG_ANALYZER_NONNULL = YES;
				CLANG_ANALYZER_NUMBER_OBJECT_CONVERSION = YES_AGGRESSIVE;
				CLANG_CXX_LANGUAGE_STANDARD = "gnu++20";
				CLANG_ENABLE_MODULES = YES;
				CLANG_ENABLE_OBJC_ARC = YES;
				CLANG_ENABLE_OBJC_WEAK = YES;
				CLANG_WARN_BLOCK_CAPTURE_AUTORELEASING = YES;
				CLANG_WARN_BOOL_CONVERSION = YES;
				CLANG_WARN_COMMA = YES;
				CLANG_WARN_CONSTANT_CONVERSION = YES;
				CLANG_WARN_DEPRECATED_OBJC_IMPLEMENTATIONS = YES;
				CLANG_WARN_DIRECT_OBJC_ISA_USAGE = YES_ERROR;
				CLANG_WARN_DOCUMENTATION_COMMENTS = YES;
				CLANG_WARN_EMPTY_BODY = YES;
				CLANG_WARN_ENUM_CONVERSION = YES;
				CLANG_WARN_INFINITE_RECURSION = YES;
				CLANG_WARN_INT_CONVERSION = YES;
				CLANG_WARN_NON_LITERAL_NULL_CONVERSION = YES;
				CLANG_WARN_OBJC_IMPLICIT_RETAIN_SELF = YES;
				CLANG_WARN_OBJC_LITERAL_CONVERSION = YES;
				CLANG_WARN_OBJC_ROOT_CLASS = YES_ERROR;
				CLANG_WARN_QUOTED_INCLUDE_IN_FRAMEWORK_HEADER = YES;
				CLANG_WARN_RANGE_LOOP_ANALYSIS = YES;
				CLANG_WARN_STRICT_PROTOTYPES = YES;
				CLANG_WARN_SUSPICIOUS_MOVE = YES;
				CLANG_WARN_UNGUARDED_AVAILABILITY = YES_AGGRESSIVE;
				CLANG_WARN_UNREACHABLE_CODE = YES;
				CLANG_WARN__DUPLICATE_METHOD_MATCH = YES;
				COPY_PHASE_STRIP = NO;
				DEBUG_INFORMATION_FORMAT = "dwarf-with-dsym";
				ENABLE_NS_ASSERTIONS = NO;
				ENABLE_STRICT_OBJC_MSGSEND = YES;
				ENABLE_USER_SCRIPT_SANDBOXING = YES;
				GCC_C_LANGUAGE_STANDARD = gnu17;
				GCC_NO_COMMON_BLOCKS = YES;
				GCC_WARN_64_TO_32_BIT_CONVERSION = YES;
				GCC_WARN_ABOUT_RETURN_TYPE = YES_ERROR;
				GCC_WARN_UNDECLARED_SELECTOR = YES;
				GCC_WARN_UNINITIALIZED_AUTOS = YES_AGGRESSIVE;
				GCC_WARN_UNUSED_FUNCTION = YES;
				GCC_WARN_UNUSED_VARIABLE = YES;
				IPHONEOS_DEPLOYMENT_TARGET = 17.0;
				LOCALIZATION_PREFERS_STRING_CATALOGS = YES;
				MTL_ENABLE_DEBUG_INFO = NO;
				MTL_FAST_MATH = YES;
				SDKROOT = iphoneos;
				SWIFT_COMPILATION_MODE = wholemodule;
				VALIDATE_PRODUCT = YES;
			};
			name = Release;
		};
		3FD5DAD42ACC099E009718AA /* Debug */ = {
			isa = XCBuildConfiguration;
			buildSettings = {
				ASSETCATALOG_COMPILER_APPICON_NAME = AppIcon;
				ASSETCATALOG_COMPILER_GLOBAL_ACCENT_COLOR_NAME = AccentColor;
				CODE_SIGN_STYLE = Automatic;
				CURRENT_PROJECT_VERSION = 1;
				DEVELOPMENT_ASSET_PATHS = "\"Kalkulator/Preview Content\"";
				ENABLE_PREVIEWS = YES;
				GENERATE_INFOPLIST_FILE = YES;
				INFOPLIST_KEY_UIApplicationSceneManifest_Generation = YES;
				INFOPLIST_KEY_UIApplicationSupportsIndirectInputEvents = YES;
				INFOPLIST_KEY_UILaunchScreen_Generation = YES;
				INFOPLIST_KEY_UISupportedInterfaceOrientations_iPad = "UIInterfaceOrientationPortrait UIInterfaceOrientationPortraitUpsideDown UIInterfaceOrientationLandscapeLeft UIInterfaceOrientationLandscapeRight";
				INFOPLIST_KEY_UISupportedInterfaceOrientations_iPhone = "UIInterfaceOrientationPortrait UIInterfaceOrientationLandscapeLeft UIInterfaceOrientationLandscapeRight";
				LD_RUNPATH_SEARCH_PATHS = (
					"$(inherited)",
					"@executable_path/Frameworks",
				);
				MARKETING_VERSION = 1.0;
				PRODUCT_BUNDLE_IDENTIFIER = pollub.edu.Kalkulator;
				PRODUCT_NAME = "$(TARGET_NAME)";
				SWIFT_EMIT_LOC_STRINGS = YES;
				SWIFT_VERSION = 5.0;
				TARGETED_DEVICE_FAMILY = "1,2";
			};
			name = Debug;
		};
		3FD5DAD52ACC099E009718AA /* Release */ = {
			isa = XCBuildConfiguration;
			buildSettings = {
				ASSETCATALOG_COMPILER_APPICON_NAME = AppIcon;
				ASSETCATALOG_COMPILER_GLOBAL_ACCENT_COLOR_NAME = AccentColor;
				CODE_SIGN_STYLE = Automatic;
				CURRENT_PROJECT_VERSION = 1;
				DEVELOPMENT_ASSET_PATHS = "\"Kalkulator/Preview Content\"";
				ENABLE_PREVIEWS = YES;
				GENERATE_INFOPLIST_FILE = YES;
				INFOPLIST_KEY_UIApplicationSceneManifest_Generation = YES;
				INFOPLIST_KEY_UIApplicationSupportsIndirectInputEvents = YES;
				INFOPLIST_KEY_UILaunchScreen_Generation = YES;
				INFOPLIST_KEY_UISupportedInterfaceOrientations_iPad = "UIInterfaceOrientationPortrait UIInterfaceOrientationPortraitUpsideDown UIInterfaceOrientationLandscapeLeft UIInterfaceOrientationLandscapeRight";
				INFOPLIST_KEY_UISupportedInterfaceOrientations_iPhone = "UIInterfaceOrientationPortrait UIInterfaceOrientationLandscapeLeft UIInterfaceOrientationLandscapeRight";
				LD_RUNPATH_SEARCH_PATHS = (
					"$(inherited)",
					"@executable_path/Frameworks",
				);
				MARKETING_VERSION = 1.0;
				PRODUCT_BUNDLE_IDENTIFIER = pollub.edu.Kalkulator;
				PRODUCT_NAME = "$(TARGET_NAME)";
				SWIFT_EMIT_LOC_STRINGS = YES;
				SWIFT_VERSION = 5.0;
				TARGETED_DEVICE_FAMILY = "1,2";
			};
			name = Release;
		};
		3FD5DAD72ACC099E009718AA /* Debug */ = {
			isa = XCBuildConfiguration;
			buildSettings = {
				ALWAYS_EMBED_SWIFT_STANDARD_LIBRARIES = YES;
				BUNDLE_LOADER = "$(TEST_HOST)";
				CODE_SIGN_STYLE = Automatic;
				CURRENT_PROJECT_VERSION = 1;
				GENERATE_INFOPLIST_FILE = YES;
				IPHONEOS_DEPLOYMENT_TARGET = 17.0;
				MARKETING_VERSION = 1.0;
				PRODUCT_BUNDLE_IDENTIFIER = pollub.edu.KalkulatorTests;
				PRODUCT_NAME = "$(TARGET_NAME)";
				SWIFT_EMIT_LOC_STRINGS = NO;
				SWIFT_VERSION = 5.0;
				TARGETED_DEVICE_FAMILY = "1,2";
				TEST_HOST = "$(BUILT_PRODUCTS_DIR)/Kalkulator.app/$(BUNDLE_EXECUTABLE_FOLDER_PATH)/Kalkulator";
			};
			name = Debug;
		};
		3FD5DAD82ACC099E009718AA /* Release */ = {
			isa = XCBuildConfiguration;
			buildSettings = {
				ALWAYS_EMBED_SWIFT_STANDARD_LIBRARIES = YES;
				BUNDLE_LOADER = "$(TEST_HOST)";
				CODE_SIGN_STYLE = Automatic;
				CURRENT_PROJECT_VERSION = 1;
				GENERATE_INFOPLIST_FILE = YES;
				IPHONEOS_DEPLOYMENT_TARGET = 17.0;
				MARKETING_VERSION = 1.0;
				PRODUCT_BUNDLE_IDENTIFIER = pollub.edu.KalkulatorTests;
				PRODUCT_NAME = "$(TARGET_NAME)";
				SWIFT_EMIT_LOC_STRINGS = NO;
				SWIFT_VERSION = 5.0;
				TARGETED_DEVICE_FAMILY = "1,2";
				TEST_HOST = "$(BUILT_PRODUCTS_DIR)/Kalkulator.app/$(BUNDLE_EXECUTABLE_FOLDER_PATH)/Kalkulator";
			};
			name = Release;
		};
		3FD5DADA2ACC099E009718AA /* Debug */ = {
			isa = XCBuildConfiguration;
			buildSettings = {
				ALWAYS_EMBED_SWIFT_STANDARD_LIBRARIES = YES;
				CODE_SIGN_STYLE = Automatic;
				CURRENT_PROJECT_VERSION = 1;
				GENERATE_INFOPLIST_FILE = YES;
				MARKETING_VERSION = 1.0;
				PRODUCT_BUNDLE_IDENTIFIER = pollub.edu.KalkulatorUITests;
				PRODUCT_NAME = "$(TARGET_NAME)";
				SWIFT_EMIT_LOC_STRINGS = NO;
				SWIFT_VERSION = 5.0;
				TARGETED_DEVICE_FAMILY = "1,2";
				TEST_TARGET_NAME = Kalkulator;
			};
			name = Debug;
		};
		3FD5DADB2ACC099E009718AA /* Release */ = {
			isa = XCBuildConfiguration;
			buildSettings = {
				ALWAYS_EMBED_SWIFT_STANDARD_LIBRARIES = YES;
				CODE_SIGN_STYLE = Automatic;
				CURRENT_PROJECT_VERSION = 1;
				GENERATE_INFOPLIST_FILE = YES;
				MARKETING_VERSION = 1.0;
				PRODUCT_BUNDLE_IDENTIFIER = pollub.edu.KalkulatorUITests;
				PRODUCT_NAME = "$(TARGET_NAME)";
				SWIFT_EMIT_LOC_STRINGS = NO;
				SWIFT_VERSION = 5.0;
				TARGETED_DEVICE_FAMILY = "1,2";
				TEST_TARGET_NAME = Kalkulator;
			};
			name = Release;
		};
/* End XCBuildConfiguration section */

/* Begin XCConfigurationList section */
		3FD5DAAA2ACC099D009718AA /* Build configuration list for PBXProject "Kalkulator" */ = {
			isa = XCConfigurationList;
			buildConfigurations = (
				3FD5DAD12ACC099E009718AA /* Debug */,
				3FD5DAD22ACC099E009718AA /* Release */,
			);
			defaultConfigurationIsVisible = 0;
			defaultConfigurationName = Release;
		};
		3FD5DAD32ACC099E009718AA /* Build configuration list for PBXNativeTarget "Kalkulator" */ = {
			isa = XCConfigurationList;
			buildConfigurations = (
				3FD5DAD42ACC099E009718AA /* Debug */,
				3FD5DAD52ACC099E009718AA /* Release */,
			);
			defaultConfigurationIsVisible = 0;
			defaultConfigurationName = Release;
		};
		3FD5DAD62ACC099E009718AA /* Build configuration list for PBXNativeTarget "KalkulatorTests" */ = {
			isa = XCConfigurationList;
			buildConfigurations = (
				3FD5DAD72ACC099E009718AA /* Debug */,
				3FD5DAD82ACC099E009718AA /* Release */,
			);
			defaultConfigurationIsVisible = 0;
			defaultConfigurationName = Release;
		};
		3FD5DAD92ACC099E009718AA /* Build configuration list for PBXNativeTarget "KalkulatorUITests" */ = {
			isa = XCConfigurationList;
			buildConfigurations = (
				3FD5DADA2ACC099E009718AA /* Debug */,
				3FD5DADB2ACC099E009718AA /* Release */,
			);
			defaultConfigurationIsVisible = 0;
			defaultConfigurationName = Release;
		};
/* End XCConfigurationList section */
	};
	rootObject = 3FD5DAA72ACC099D009718AA /* Project object */;
}
